// !$*UTF8*$!
{
	archiveVersion = 1;
	classes = {
	};
	objectVersion = 56;
	objects = {

/* Begin PBXBuildFile section */
		5BFB6951295B772C006A6FD2 /* src.swift in Sources */ = {isa = PBXBuildFile; fileRef = 5BFB6950295B772C006A6FD2 /* src.swift */; };
		5BFB6959295B7780006A6FD2 /* ArgumentParser in Frameworks */ = {isa = PBXBuildFile; productRef = 5BFB6958295B7780006A6FD2 /* ArgumentParser */; };
		5BFB695C295B77A8006A6FD2 /* Glob in Frameworks */ = {isa = PBXBuildFile; productRef = 5BFB695B295B77A8006A6FD2 /* Glob */; };
/* End PBXBuildFile section */

/* Begin PBXCopyFilesBuildPhase section */
		5BFB694B295B772C006A6FD2 /* CopyFiles */ = {
			isa = PBXCopyFilesBuildPhase;
			buildActionMask = 2147483647;
			dstPath = /usr/share/man/man1/;
			dstSubfolderSpec = 0;
			files = (
			);
			runOnlyForDeploymentPostprocessing = 1;
		};
/* End PBXCopyFilesBuildPhase section */

/* Begin PBXFileReference section */
		5BFB694D295B772C006A6FD2 /* file-organizer */ = {isa = PBXFileReference; explicitFileType = "compiled.mach-o.executable"; includeInIndex = 0; path = "file-organizer"; sourceTree = BUILT_PRODUCTS_DIR; };
		5BFB6950295B772C006A6FD2 /* src.swift */ = {isa = PBXFileReference; lastKnownFileType = sourcecode.swift; path = src.swift; sourceTree = "<group>"; };
		5BFB695D295B77FB006A6FD2 /* README.md */ = {isa = PBXFileReference; lastKnownFileType = net.daringfireball.markdown; path = README.md; sourceTree = "<group>"; };
/* End PBXFileReference section */

/* Begin PBXFrameworksBuildPhase section */
		5BFB694A295B772C006A6FD2 /* Frameworks */ = {
			isa = PBXFrameworksBuildPhase;
			buildActionMask = 2147483647;
			files = (
				5BFB695C295B77A8006A6FD2 /* Glob in Frameworks */,
				5BFB6959295B7780006A6FD2 /* ArgumentParser in Frameworks */,
			);
			runOnlyForDeploymentPostprocessing = 0;
		};
/* End PBXFrameworksBuildPhase section */

/* Begin PBXGroup section */
		5BFB6944295B772C006A6FD2 = {
			isa = PBXGroup;
			children = (
				5BFB695D295B77FB006A6FD2 /* README.md */,
				5BFB694F295B772C006A6FD2 /* file-organizer */,
				5BFB694E295B772C006A6FD2 /* Products */,
			);
			sourceTree = "<group>";
		};
		5BFB694E295B772C006A6FD2 /* Products */ = {
			isa = PBXGroup;
			children = (
				5BFB694D295B772C006A6FD2 /* file-organizer */,
			);
			name = Products;
			sourceTree = "<group>";
		};
		5BFB694F295B772C006A6FD2 /* file-organizer */ = {
			isa = PBXGroup;
			children = (
				5BFB6950295B772C006A6FD2 /* src.swift */,
			);
			path = "file-organizer";
			sourceTree = "<group>";
		};
/* End PBXGroup section */

/* Begin PBXNativeTarget section */
		5BFB694C295B772C006A6FD2 /* file-organizer */ = {
			isa = PBXNativeTarget;
			buildConfigurationList = 5BFB6954295B772C006A6FD2 /* Build configuration list for PBXNativeTarget "file-organizer" */;
			buildPhases = (
				5BFB6949295B772C006A6FD2 /* Sources */,
				5BFB694A295B772C006A6FD2 /* Frameworks */,
				5BFB694B295B772C006A6FD2 /* CopyFiles */,
			);
			buildRules = (
			);
			dependencies = (
			);
			name = "file-organizer";
			packageProductDependencies = (
				5BFB6958295B7780006A6FD2 /* ArgumentParser */,
				5BFB695B295B77A8006A6FD2 /* Glob */,
			);
			productName = "file-organizer";
			productReference = 5BFB694D295B772C006A6FD2 /* file-organizer */;
			productType = "com.apple.product-type.tool";
		};
/* End PBXNativeTarget section */

/* Begin PBXProject section */
		5BFB6945295B772C006A6FD2 /* Project object */ = {
			isa = PBXProject;
			attributes = {
				BuildIndependentTargetsInParallel = 1;
				LastSwiftUpdateCheck = 1420;
				LastUpgradeCheck = 1420;
				TargetAttributes = {
					5BFB694C295B772C006A6FD2 = {
						CreatedOnToolsVersion = 14.2;
					};
				};
			};
			buildConfigurationList = 5BFB6948295B772C006A6FD2 /* Build configuration list for PBXProject "file-organizer" */;
			compatibilityVersion = "Xcode 14.0";
			developmentRegion = en;
			hasScannedForEncodings = 0;
			knownRegions = (
				en,
				Base,
			);
			mainGroup = 5BFB6944295B772C006A6FD2;
			packageReferences = (
				5BFB6957295B7780006A6FD2 /* XCRemoteSwiftPackageReference "swift-argument-parser" */,
				5BFB695A295B77A8006A6FD2 /* XCRemoteSwiftPackageReference "Glob" */,
			);
			productRefGroup = 5BFB694E295B772C006A6FD2 /* Products */;
			projectDirPath = "";
			projectRoot = "";
			targets = (
				5BFB694C295B772C006A6FD2 /* file-organizer */,
			);
		};
/* End PBXProject section */

/* Begin PBXSourcesBuildPhase section */
		5BFB6949295B772C006A6FD2 /* Sources */ = {
			isa = PBXSourcesBuildPhase;
			buildActionMask = 2147483647;
			files = (
				5BFB6951295B772C006A6FD2 /* src.swift in Sources */,
			);
			runOnlyForDeploymentPostprocessing = 0;
		};
/* End PBXSourcesBuildPhase section */

/* Begin XCBuildConfiguration section */
		5BFB6952295B772C006A6FD2 /* Debug */ = {
			isa = XCBuildConfiguration;
			buildSettings = {
				ALWAYS_SEARCH_USER_PATHS = NO;
				CLANG_ANALYZER_NONNULL = YES;
				CLANG_ANALYZER_NUMBER_OBJECT_CONVERSION = YES_AGGRESSIVE;
				CLANG_CXX_LANGUAGE_STANDARD = "gnu++20";
				CLANG_ENABLE_MODULES = YES;
				CLANG_ENABLE_OBJC_ARC = YES;
				CLANG_ENABLE_OBJC_WEAK = YES;
				CLANG_WARN_BLOCK_CAPTURE_AUTORELEASING = YES;
				CLANG_WARN_BOOL_CONVERSION = YES;
				CLANG_WARN_COMMA = YES;
				CLANG_WARN_CONSTANT_CONVERSION = YES;
				CLANG_WARN_DEPRECATED_OBJC_IMPLEMENTATIONS = YES;
				CLANG_WARN_DIRECT_OBJC_ISA_USAGE = YES_ERROR;
				CLANG_WARN_DOCUMENTATION_COMMENTS = YES;
				CLANG_WARN_EMPTY_BODY = YES;
				CLANG_WARN_ENUM_CONVERSION = YES;
				CLANG_WARN_INFINITE_RECURSION = YES;
				CLANG_WARN_INT_CONVERSION = YES;
				CLANG_WARN_NON_LITERAL_NULL_CONVERSION = YES;
				CLANG_WARN_OBJC_IMPLICIT_RETAIN_SELF = YES;
				CLANG_WARN_OBJC_LITERAL_CONVERSION = YES;
				CLANG_WARN_OBJC_ROOT_CLASS = YES_ERROR;
				CLANG_WARN_QUOTED_INCLUDE_IN_FRAMEWORK_HEADER = YES;
				CLANG_WARN_RANGE_LOOP_ANALYSIS = YES;
				CLANG_WARN_STRICT_PROTOTYPES = YES;
				CLANG_WARN_SUSPICIOUS_MOVE = YES;
				CLANG_WARN_UNGUARDED_AVAILABILITY = YES_AGGRESSIVE;
				CLANG_WARN_UNREACHABLE_CODE = YES;
				CLANG_WARN__DUPLICATE_METHOD_MATCH = YES;
				COPY_PHASE_STRIP = NO;
				DEBUG_INFORMATION_FORMAT = dwarf;
				ENABLE_STRICT_OBJC_MSGSEND = YES;
				ENABLE_TESTABILITY = YES;
				GCC_C_LANGUAGE_STANDARD = gnu11;
				GCC_DYNAMIC_NO_PIC = NO;
				GCC_NO_COMMON_BLOCKS = YES;
				GCC_OPTIMIZATION_LEVEL = 0;
				GCC_PREPROCESSOR_DEFINITIONS = (
					"DEBUG=1",
					"$(inherited)",
				);
				GCC_WARN_64_TO_32_BIT_CONVERSION = YES;
				GCC_WARN_ABOUT_RETURN_TYPE = YES_ERROR;
				GCC_WARN_UNDECLARED_SELECTOR = YES;
				GCC_WARN_UNINITIALIZED_AUTOS = YES_AGGRESSIVE;
				GCC_WARN_UNUSED_FUNCTION = YES;
				GCC_WARN_UNUSED_VARIABLE = YES;
				MACOSX_DEPLOYMENT_TARGET = 13.1;
				MTL_ENABLE_DEBUG_INFO = INCLUDE_SOURCE;
				MTL_FAST_MATH = YES;
				ONLY_ACTIVE_ARCH = YES;
				SDKROOT = macosx;
				SWIFT_ACTIVE_COMPILATION_CONDITIONS = DEBUG;
				SWIFT_OPTIMIZATION_LEVEL = "-Onone";
			};
			name = Debug;
		};
		5BFB6953295B772C006A6FD2 /* Release */ = {
			isa = XCBuildConfiguration;
			buildSettings = {
				ALWAYS_SEARCH_USER_PATHS = NO;
				CLANG_ANALYZER_NONNULL = YES;
				CLANG_ANALYZER_NUMBER_OBJECT_CONVERSION = YES_AGGRESSIVE;
				CLANG_CXX_LANGUAGE_STANDARD = "gnu++20";
				CLANG_ENABLE_MODULES = YES;
				CLANG_ENABLE_OBJC_ARC = YES;
				CLANG_ENABLE_OBJC_WEAK = YES;
				CLANG_WARN_BLOCK_CAPTURE_AUTORELEASING = YES;
				CLANG_WARN_BOOL_CONVERSION = YES;
				CLANG_WARN_COMMA = YES;
				CLANG_WARN_CONSTANT_CONVERSION = YES;
				CLANG_WARN_DEPRECATED_OBJC_IMPLEMENTATIONS = YES;
				CLANG_WARN_DIRECT_OBJC_ISA_USAGE = YES_ERROR;
				CLANG_WARN_DOCUMENTATION_COMMENTS = YES;
				CLANG_WARN_EMPTY_BODY = YES;
				CLANG_WARN_ENUM_CONVERSION = YES;
				CLANG_WARN_INFINITE_RECURSION = YES;
				CLANG_WARN_INT_CONVERSION = YES;
				CLANG_WARN_NON_LITERAL_NULL_CONVERSION = YES;
				CLANG_WARN_OBJC_IMPLICIT_RETAIN_SELF = YES;
				CLANG_WARN_OBJC_LITERAL_CONVERSION = YES;
				CLANG_WARN_OBJC_ROOT_CLASS = YES_ERROR;
				CLANG_WARN_QUOTED_INCLUDE_IN_FRAMEWORK_HEADER = YES;
				CLANG_WARN_RANGE_LOOP_ANALYSIS = YES;
				CLANG_WARN_STRICT_PROTOTYPES = YES;
				CLANG_WARN_SUSPICIOUS_MOVE = YES;
				CLANG_WARN_UNGUARDED_AVAILABILITY = YES_AGGRESSIVE;
				CLANG_WARN_UNREACHABLE_CODE = YES;
				CLANG_WARN__DUPLICATE_METHOD_MATCH = YES;
				COPY_PHASE_STRIP = NO;
				DEBUG_INFORMATION_FORMAT = "dwarf-with-dsym";
				ENABLE_NS_ASSERTIONS = NO;
				ENABLE_STRICT_OBJC_MSGSEND = YES;
				GCC_C_LANGUAGE_STANDARD = gnu11;
				GCC_NO_COMMON_BLOCKS = YES;
				GCC_WARN_64_TO_32_BIT_CONVERSION = YES;
				GCC_WARN_ABOUT_RETURN_TYPE = YES_ERROR;
				GCC_WARN_UNDECLARED_SELECTOR = YES;
				GCC_WARN_UNINITIALIZED_AUTOS = YES_AGGRESSIVE;
				GCC_WARN_UNUSED_FUNCTION = YES;
				GCC_WARN_UNUSED_VARIABLE = YES;
				MACOSX_DEPLOYMENT_TARGET = 13.1;
				MTL_ENABLE_DEBUG_INFO = NO;
				MTL_FAST_MATH = YES;
				SDKROOT = macosx;
				SWIFT_COMPILATION_MODE = wholemodule;
				SWIFT_OPTIMIZATION_LEVEL = "-O";
			};
			name = Release;
		};
		5BFB6955295B772C006A6FD2 /* Debug */ = {
			isa = XCBuildConfiguration;
			buildSettings = {
				CODE_SIGN_STYLE = Automatic;
				DEVELOPMENT_TEAM = H95JUDBHF7;
				ENABLE_HARDENED_RUNTIME = YES;
				PRODUCT_NAME = "$(TARGET_NAME)";
				SWIFT_VERSION = 5.0;
			};
			name = Debug;
		};
		5BFB6956295B772C006A6FD2 /* Release */ = {
			isa = XCBuildConfiguration;
			buildSettings = {
				CODE_SIGN_STYLE = Automatic;
				DEVELOPMENT_TEAM = H95JUDBHF7;
				ENABLE_HARDENED_RUNTIME = YES;
				PRODUCT_NAME = "$(TARGET_NAME)";
				SWIFT_VERSION = 5.0;
			};
			name = Release;
		};
/* End XCBuildConfiguration section */

/* Begin XCConfigurationList section */
		5BFB6948295B772C006A6FD2 /* Build configuration list for PBXProject "file-organizer" */ = {
			isa = XCConfigurationList;
			buildConfigurations = (
				5BFB6952295B772C006A6FD2 /* Debug */,
				5BFB6953295B772C006A6FD2 /* Release */,
			);
			defaultConfigurationIsVisible = 0;
			defaultConfigurationName = Release;
		};
		5BFB6954295B772C006A6FD2 /* Build configuration list for PBXNativeTarget "file-organizer" */ = {
			isa = XCConfigurationList;
			buildConfigurations = (
				5BFB6955295B772C006A6FD2 /* Debug */,
				5BFB6956295B772C006A6FD2 /* Release */,
			);
			defaultConfigurationIsVisible = 0;
			defaultConfigurationName = Release;
		};
/* End XCConfigurationList section */

/* Begin XCRemoteSwiftPackageReference section */
		5BFB6957295B7780006A6FD2 /* XCRemoteSwiftPackageReference "swift-argument-parser" */ = {
			isa = XCRemoteSwiftPackageReference;
			repositoryURL = "https://github.com/apple/swift-argument-parser.git";
			requirement = {
				kind = upToNextMajorVersion;
				minimumVersion = 1.0.0;
			};
		};
		5BFB695A295B77A8006A6FD2 /* XCRemoteSwiftPackageReference "Glob" */ = {
			isa = XCRemoteSwiftPackageReference;
			repositoryURL = "https://github.com/Bouke/Glob.git";
			requirement = {
				branch = master;
				kind = branch;
			};
		};
/* End XCRemoteSwiftPackageReference section */

/* Begin XCSwiftPackageProductDependency section */
		5BFB6958295B7780006A6FD2 /* ArgumentParser */ = {
			isa = XCSwiftPackageProductDependency;
			package = 5BFB6957295B7780006A6FD2 /* XCRemoteSwiftPackageReference "swift-argument-parser" */;
			productName = ArgumentParser;
		};
		5BFB695B295B77A8006A6FD2 /* Glob */ = {
			isa = XCSwiftPackageProductDependency;
			package = 5BFB695A295B77A8006A6FD2 /* XCRemoteSwiftPackageReference "Glob" */;
			productName = Glob;
		};
/* End XCSwiftPackageProductDependency section */
	};
	rootObject = 5BFB6945295B772C006A6FD2 /* Project object */;
}
