{
  "pins" : [
    {
      "identity" : "glob",
      "kind" : "remoteSourceControl",
      "location" : "https://github.com/Bouke/Glob.git",
      "state" : {
        "branch" : "master",
        "revision" : "deda6e163d2ff2a8d7e138e2c3326dbd71157faf"
      }
    },
    {
      "identity" : "swift-argument-parser",
      "kind" : "remoteSourceControl",
      "location" : "https://github.com/apple/swift-argument-parser.git",
      "state" : {
        "revision" : "fddd1c00396eed152c45a46bea9f47b98e59301d",
        "version" : "1.2.0"
      }
    }
  ],
  "version" : 2
}
